
Microsoft Visual Studio Solution File, Format Version 12.00
# Visual Studio Version 16
VisualStudioVersion = 16.0.31613.86
MinimumVisualStudioVersion = 10.0.40219.1
Project("{9A19103F-16F7-4668-BE54-9A1E7A4F7556}") = "Projeto CRUD", "Projeto CRUD.csproj", "{52A1945A-8A2E-4468-88D8-CFD0AB9294E4}"
EndProject
Global
	GlobalSection(SolutionConfigurationPlatforms) = preSolution
		Debug|Any CPU = Debug|Any CPU
		Release|Any CPU = Release|Any CPU
	EndGlobalSection
	GlobalSection(ProjectConfigurationPlatforms) = postSolution
		{52A1945A-8A2E-4468-88D8-CFD0AB9294E4}.Debug|Any CPU.ActiveCfg = Debug|Any CPU
		{52A1945A-8A2E-4468-88D8-CFD0AB9294E4}.Debug|Any CPU.Build.0 = Debug|Any CPU
		{52A1945A-8A2E-4468-88D8-CFD0AB9294E4}.Release|Any CPU.ActiveCfg = Release|Any CPU
		{52A1945A-8A2E-4468-88D8-CFD0AB9294E4}.Release|Any CPU.Build.0 = Release|Any CPU
	EndGlobalSection
	GlobalSection(SolutionProperties) = preSolution
		HideSolutionNode = FALSE
	EndGlobalSection
	GlobalSection(ExtensibilityGlobals) = postSolution
		SolutionGuid = {EFF7C23F-FAFD-4519-902A-98F14C76EFF2}
	EndGlobalSection
EndGlobal
